// !$*UTF8*$!
{
	archiveVersion = 1;
	classes = {
	};
	objectVersion = 56;
	objects = {

/* Begin PBXBuildFile section */
		8232FF5A2C1835DF00BC4262 /* VideoPlayerScrollView.swift in Sources */ = {isa = PBXBuildFile; fileRef = 8232FF592C1835DF00BC4262 /* VideoPlayerScrollView.swift */; };
		829E2DCA2C0E43C300AFCBB4 /* Playing_with_UIApp.swift in Sources */ = {isa = PBXBuildFile; fileRef = 829E2DC92C0E43C300AFCBB4 /* Playing_with_UIApp.swift */; };
		829E2DCC2C0E43C300AFCBB4 /* ContentViewOld.swift in Sources */ = {isa = PBXBuildFile; fileRef = 829E2DCB2C0E43C300AFCBB4 /* ContentViewOld.swift */; };
		829E2DCE2C0E43C500AFCBB4 /* Assets.xcassets in Resources */ = {isa = PBXBuildFile; fileRef = 829E2DCD2C0E43C500AFCBB4 /* Assets.xcassets */; };
		829E2DD12C0E43C500AFCBB4 /* Preview Assets.xcassets in Resources */ = {isa = PBXBuildFile; fileRef = 829E2DD02C0E43C500AFCBB4 /* Preview Assets.xcassets */; };
		829E2DDC2C0EDAB000AFCBB4 /* SwiftUIView.swift in Sources */ = {isa = PBXBuildFile; fileRef = 829E2DDB2C0EDAB000AFCBB4 /* SwiftUIView.swift */; };
		829E2DE02C0F0E8500AFCBB4 /* VideoPlayerView.swift in Sources */ = {isa = PBXBuildFile; fileRef = 829E2DDF2C0F0E8500AFCBB4 /* VideoPlayerView.swift */; };
		829E2DE22C0F0E8900AFCBB4 /* VideoPlayerGroupView.swift in Sources */ = {isa = PBXBuildFile; fileRef = 829E2DE12C0F0E8900AFCBB4 /* VideoPlayerGroupView.swift */; };
		829E2DE42C0F0E9300AFCBB4 /* VideoGroupFetcher.swift in Sources */ = {isa = PBXBuildFile; fileRef = 829E2DE32C0F0E9300AFCBB4 /* VideoGroupFetcher.swift */; };
		829E2DE62C0F0EA500AFCBB4 /* ThumbnailView.swift in Sources */ = {isa = PBXBuildFile; fileRef = 829E2DE52C0F0EA400AFCBB4 /* ThumbnailView.swift */; };
		829E2DED2C0F0EDA00AFCBB4 /* ContentView.swift in Sources */ = {isa = PBXBuildFile; fileRef = 829E2DEC2C0F0EDA00AFCBB4 /* ContentView.swift */; };
		829E2DEE2C0F107D00AFCBB4 /* 500lbssquat.mp4 in Resources */ = {isa = PBXBuildFile; fileRef = 829E2DE72C0F0EBB00AFCBB4 /* 500lbssquat.mp4 */; };
		829E2DF02C0F107D00AFCBB4 /* Grasshopper.mp4 in Resources */ = {isa = PBXBuildFile; fileRef = 829E2DE82C0F0EBB00AFCBB4 /* Grasshopper.mp4 */; };
/* End PBXBuildFile section */

/* Begin PBXFileReference section */
		8232FF592C1835DF00BC4262 /* VideoPlayerScrollView.swift */ = {isa = PBXFileReference; lastKnownFileType = sourcecode.swift; path = VideoPlayerScrollView.swift; sourceTree = "<group>"; };
		829E2DC62C0E43C300AFCBB4 /* Playing with UI.app */ = {isa = PBXFileReference; explicitFileType = wrapper.application; includeInIndex = 0; path = "Playing with UI.app"; sourceTree = BUILT_PRODUCTS_DIR; };
		829E2DC92C0E43C300AFCBB4 /* Playing_with_UIApp.swift */ = {isa = PBXFileReference; lastKnownFileType = sourcecode.swift; path = Playing_with_UIApp.swift; sourceTree = "<group>"; };
		829E2DCB2C0E43C300AFCBB4 /* ContentViewOld.swift */ = {isa = PBXFileReference; lastKnownFileType = sourcecode.swift; path = ContentViewOld.swift; sourceTree = "<group>"; };
		829E2DCD2C0E43C500AFCBB4 /* Assets.xcassets */ = {isa = PBXFileReference; lastKnownFileType = folder.assetcatalog; path = Assets.xcassets; sourceTree = "<group>"; };
		829E2DD02C0E43C500AFCBB4 /* Preview Assets.xcassets */ = {isa = PBXFileReference; lastKnownFileType = folder.assetcatalog; path = "Preview Assets.xcassets"; sourceTree = "<group>"; };
		829E2DDB2C0EDAB000AFCBB4 /* SwiftUIView.swift */ = {isa = PBXFileReference; lastKnownFileType = sourcecode.swift; path = SwiftUIView.swift; sourceTree = "<group>"; };
		829E2DDF2C0F0E8500AFCBB4 /* VideoPlayerView.swift */ = {isa = PBXFileReference; fileEncoding = 4; lastKnownFileType = sourcecode.swift; path = VideoPlayerView.swift; sourceTree = "<group>"; };
		829E2DE12C0F0E8900AFCBB4 /* VideoPlayerGroupView.swift */ = {isa = PBXFileReference; fileEncoding = 4; lastKnownFileType = sourcecode.swift; path = VideoPlayerGroupView.swift; sourceTree = "<group>"; };
		829E2DE32C0F0E9300AFCBB4 /* VideoGroupFetcher.swift */ = {isa = PBXFileReference; fileEncoding = 4; lastKnownFileType = sourcecode.swift; path = VideoGroupFetcher.swift; sourceTree = "<group>"; };
		829E2DE52C0F0EA400AFCBB4 /* ThumbnailView.swift */ = {isa = PBXFileReference; fileEncoding = 4; lastKnownFileType = sourcecode.swift; path = ThumbnailView.swift; sourceTree = "<group>"; };
		829E2DE72C0F0EBB00AFCBB4 /* 500lbssquat.mp4 */ = {isa = PBXFileReference; lastKnownFileType = file; path = 500lbssquat.mp4; sourceTree = "<group>"; };
		829E2DE82C0F0EBB00AFCBB4 /* Grasshopper.mp4 */ = {isa = PBXFileReference; lastKnownFileType = file; path = Grasshopper.mp4; sourceTree = "<group>"; };
		829E2DEC2C0F0EDA00AFCBB4 /* ContentView.swift */ = {isa = PBXFileReference; fileEncoding = 4; lastKnownFileType = sourcecode.swift; name = ContentView.swift; path = "../../VideoPlayerView 2/VideoPlayerView 2/ContentView.swift"; sourceTree = "<group>"; };
/* End PBXFileReference section */

/* Begin PBXFrameworksBuildPhase section */
		829E2DC32C0E43C300AFCBB4 /* Frameworks */ = {
			isa = PBXFrameworksBuildPhase;
			buildActionMask = 2147483647;
			files = (
			);
			runOnlyForDeploymentPostprocessing = 0;
		};
/* End PBXFrameworksBuildPhase section */

/* Begin PBXGroup section */
		8232FF872C28F30400BC4262 /* Video Player */ = {
			isa = PBXGroup;
			children = (
				829E2DE32C0F0E9300AFCBB4 /* VideoGroupFetcher.swift */,
				829E2DE52C0F0EA400AFCBB4 /* ThumbnailView.swift */,
				829E2DE12C0F0E8900AFCBB4 /* VideoPlayerGroupView.swift */,
				829E2DDF2C0F0E8500AFCBB4 /* VideoPlayerView.swift */,
				8232FF592C1835DF00BC4262 /* VideoPlayerScrollView.swift */,
			);
			path = "Video Player";
			sourceTree = "<group>";
		};
		829E2DBD2C0E43C300AFCBB4 = {
			isa = PBXGroup;
			children = (
				829E2DC82C0E43C300AFCBB4 /* Playing with UI */,
				829E2DC72C0E43C300AFCBB4 /* Products */,
			);
			sourceTree = "<group>";
		};
		829E2DC72C0E43C300AFCBB4 /* Products */ = {
			isa = PBXGroup;
			children = (
				829E2DC62C0E43C300AFCBB4 /* Playing with UI.app */,
			);
			name = Products;
			sourceTree = "<group>";
		};
		829E2DC82C0E43C300AFCBB4 /* Playing with UI */ = {
			isa = PBXGroup;
			children = (
				829E2DEC2C0F0EDA00AFCBB4 /* ContentView.swift */,
				8232FF872C28F30400BC4262 /* Video Player */,
				829E2DC92C0E43C300AFCBB4 /* Playing_with_UIApp.swift */,
				829E2DE72C0F0EBB00AFCBB4 /* 500lbssquat.mp4 */,
				829E2DE82C0F0EBB00AFCBB4 /* Grasshopper.mp4 */,
				829E2DCB2C0E43C300AFCBB4 /* ContentViewOld.swift */,
				829E2DDB2C0EDAB000AFCBB4 /* SwiftUIView.swift */,
				829E2DCD2C0E43C500AFCBB4 /* Assets.xcassets */,
				829E2DCF2C0E43C500AFCBB4 /* Preview Content */,
			);
			path = "Playing with UI";
			sourceTree = "<group>";
		};
		829E2DCF2C0E43C500AFCBB4 /* Preview Content */ = {
			isa = PBXGroup;
			children = (
				829E2DD02C0E43C500AFCBB4 /* Preview Assets.xcassets */,
			);
			path = "Preview Content";
			sourceTree = "<group>";
		};
/* End PBXGroup section */

/* Begin PBXNativeTarget section */
		829E2DC52C0E43C300AFCBB4 /* Playing with UI */ = {
			isa = PBXNativeTarget;
			buildConfigurationList = 829E2DD42C0E43C500AFCBB4 /* Build configuration list for PBXNativeTarget "Playing with UI" */;
			buildPhases = (
				829E2DC22C0E43C300AFCBB4 /* Sources */,
				829E2DC32C0E43C300AFCBB4 /* Frameworks */,
				829E2DC42C0E43C300AFCBB4 /* Resources */,
			);
			buildRules = (
			);
			dependencies = (
			);
			name = "Playing with UI";
			productName = "Playing with UI";
			productReference = 829E2DC62C0E43C300AFCBB4 /* Playing with UI.app */;
			productType = "com.apple.product-type.application";
		};
/* End PBXNativeTarget section */

/* Begin PBXProject section */
		829E2DBE2C0E43C300AFCBB4 /* Project object */ = {
			isa = PBXProject;
			attributes = {
				BuildIndependentTargetsInParallel = 1;
				LastSwiftUpdateCheck = 1540;
				LastUpgradeCheck = 1540;
				TargetAttributes = {
					829E2DC52C0E43C300AFCBB4 = {
						CreatedOnToolsVersion = 15.4;
					};
				};
			};
			buildConfigurationList = 829E2DC12C0E43C300AFCBB4 /* Build configuration list for PBXProject "Playing with UI" */;
			compatibilityVersion = "Xcode 14.0";
			developmentRegion = en;
			hasScannedForEncodings = 0;
			knownRegions = (
				en,
				Base,
			);
			mainGroup = 829E2DBD2C0E43C300AFCBB4;
			productRefGroup = 829E2DC72C0E43C300AFCBB4 /* Products */;
			projectDirPath = "";
			projectRoot = "";
			targets = (
				829E2DC52C0E43C300AFCBB4 /* Playing with UI */,
			);
		};
/* End PBXProject section */

/* Begin PBXResourcesBuildPhase section */
		829E2DC42C0E43C300AFCBB4 /* Resources */ = {
			isa = PBXResourcesBuildPhase;
			buildActionMask = 2147483647;
			files = (
				829E2DEE2C0F107D00AFCBB4 /* 500lbssquat.mp4 in Resources */,
				829E2DF02C0F107D00AFCBB4 /* Grasshopper.mp4 in Resources */,
				829E2DD12C0E43C500AFCBB4 /* Preview Assets.xcassets in Resources */,
				829E2DCE2C0E43C500AFCBB4 /* Assets.xcassets in Resources */,
			);
			runOnlyForDeploymentPostprocessing = 0;
		};
/* End PBXResourcesBuildPhase section */

/* Begin PBXSourcesBuildPhase section */
		829E2DC22C0E43C300AFCBB4 /* Sources */ = {
			isa = PBXSourcesBuildPhase;
			buildActionMask = 2147483647;
			files = (
				829E2DCC2C0E43C300AFCBB4 /* ContentViewOld.swift in Sources */,
				8232FF5A2C1835DF00BC4262 /* VideoPlayerScrollView.swift in Sources */,
				829E2DCA2C0E43C300AFCBB4 /* Playing_with_UIApp.swift in Sources */,
				829E2DED2C0F0EDA00AFCBB4 /* ContentView.swift in Sources */,
				829E2DDC2C0EDAB000AFCBB4 /* SwiftUIView.swift in Sources */,
				829E2DE02C0F0E8500AFCBB4 /* VideoPlayerView.swift in Sources */,
				829E2DE22C0F0E8900AFCBB4 /* VideoPlayerGroupView.swift in Sources */,
				829E2DE62C0F0EA500AFCBB4 /* ThumbnailView.swift in Sources */,
				829E2DE42C0F0E9300AFCBB4 /* VideoGroupFetcher.swift in Sources */,
			);
			runOnlyForDeploymentPostprocessing = 0;
		};
/* End PBXSourcesBuildPhase section */

/* Begin XCBuildConfiguration section */
		829E2DD22C0E43C500AFCBB4 /* Debug */ = {
			isa = XCBuildConfiguration;
			buildSettings = {
				ALWAYS_SEARCH_USER_PATHS = NO;
				ASSETCATALOG_COMPILER_GENERATE_SWIFT_ASSET_SYMBOL_EXTENSIONS = YES;
				CLANG_ANALYZER_NONNULL = YES;
				CLANG_ANALYZER_NUMBER_OBJECT_CONVERSION = YES_AGGRESSIVE;
				CLANG_CXX_LANGUAGE_STANDARD = "gnu++20";
				CLANG_ENABLE_MODULES = YES;
				CLANG_ENABLE_OBJC_ARC = YES;
				CLANG_ENABLE_OBJC_WEAK = YES;
				CLANG_WARN_BLOCK_CAPTURE_AUTORELEASING = YES;
				CLANG_WARN_BOOL_CONVERSION = YES;
				CLANG_WARN_COMMA = YES;
				CLANG_WARN_CONSTANT_CONVERSION = YES;
				CLANG_WARN_DEPRECATED_OBJC_IMPLEMENTATIONS = YES;
				CLANG_WARN_DIRECT_OBJC_ISA_USAGE = YES_ERROR;
				CLANG_WARN_DOCUMENTATION_COMMENTS = YES;
				CLANG_WARN_EMPTY_BODY = YES;
				CLANG_WARN_ENUM_CONVERSION = YES;
				CLANG_WARN_INFINITE_RECURSION = YES;
				CLANG_WARN_INT_CONVERSION = YES;
				CLANG_WARN_NON_LITERAL_NULL_CONVERSION = YES;
				CLANG_WARN_OBJC_IMPLICIT_RETAIN_SELF = YES;
				CLANG_WARN_OBJC_LITERAL_CONVERSION = YES;
				CLANG_WARN_OBJC_ROOT_CLASS = YES_ERROR;
				CLANG_WARN_QUOTED_INCLUDE_IN_FRAMEWORK_HEADER = YES;
				CLANG_WARN_RANGE_LOOP_ANALYSIS = YES;
				CLANG_WARN_STRICT_PROTOTYPES = YES;
				CLANG_WARN_SUSPICIOUS_MOVE = YES;
				CLANG_WARN_UNGUARDED_AVAILABILITY = YES_AGGRESSIVE;
				CLANG_WARN_UNREACHABLE_CODE = YES;
				CLANG_WARN__DUPLICATE_METHOD_MATCH = YES;
				COPY_PHASE_STRIP = NO;
				DEBUG_INFORMATION_FORMAT = dwarf;
				ENABLE_STRICT_OBJC_MSGSEND = YES;
				ENABLE_TESTABILITY = YES;
				ENABLE_USER_SCRIPT_SANDBOXING = YES;
				GCC_C_LANGUAGE_STANDARD = gnu17;
				GCC_DYNAMIC_NO_PIC = NO;
				GCC_NO_COMMON_BLOCKS = YES;
				GCC_OPTIMIZATION_LEVEL = 0;
				GCC_PREPROCESSOR_DEFINITIONS = (
					"DEBUG=1",
					"$(inherited)",
				);
				GCC_WARN_64_TO_32_BIT_CONVERSION = YES;
				GCC_WARN_ABOUT_RETURN_TYPE = YES_ERROR;
				GCC_WARN_UNDECLARED_SELECTOR = YES;
				GCC_WARN_UNINITIALIZED_AUTOS = YES_AGGRESSIVE;
				GCC_WARN_UNUSED_FUNCTION = YES;
				GCC_WARN_UNUSED_VARIABLE = YES;
				IPHONEOS_DEPLOYMENT_TARGET = 17.5;
				LOCALIZATION_PREFERS_STRING_CATALOGS = YES;
				MTL_ENABLE_DEBUG_INFO = INCLUDE_SOURCE;
				MTL_FAST_MATH = YES;
				ONLY_ACTIVE_ARCH = YES;
				SDKROOT = iphoneos;
				SWIFT_ACTIVE_COMPILATION_CONDITIONS = "DEBUG $(inherited)";
				SWIFT_OPTIMIZATION_LEVEL = "-Onone";
			};
			name = Debug;
		};
		829E2DD32C0E43C500AFCBB4 /* Release */ = {
			isa = XCBuildConfiguration;
			buildSettings = {
				ALWAYS_SEARCH_USER_PATHS = NO;
				ASSETCATALOG_COMPILER_GENERATE_SWIFT_ASSET_SYMBOL_EXTENSIONS = YES;
				CLANG_ANALYZER_NONNULL = YES;
				CLANG_ANALYZER_NUMBER_OBJECT_CONVERSION = YES_AGGRESSIVE;
				CLANG_CXX_LANGUAGE_STANDARD = "gnu++20";
				CLANG_ENABLE_MODULES = YES;
				CLANG_ENABLE_OBJC_ARC = YES;
				CLANG_ENABLE_OBJC_WEAK = YES;
				CLANG_WARN_BLOCK_CAPTURE_AUTORELEASING = YES;
				CLANG_WARN_BOOL_CONVERSION = YES;
				CLANG_WARN_COMMA = YES;
				CLANG_WARN_CONSTANT_CONVERSION = YES;
				CLANG_WARN_DEPRECATED_OBJC_IMPLEMENTATIONS = YES;
				CLANG_WARN_DIRECT_OBJC_ISA_USAGE = YES_ERROR;
				CLANG_WARN_DOCUMENTATION_COMMENTS = YES;
				CLANG_WARN_EMPTY_BODY = YES;
				CLANG_WARN_ENUM_CONVERSION = YES;
				CLANG_WARN_INFINITE_RECURSION = YES;
				CLANG_WARN_INT_CONVERSION = YES;
				CLANG_WARN_NON_LITERAL_NULL_CONVERSION = YES;
				CLANG_WARN_OBJC_IMPLICIT_RETAIN_SELF = YES;
				CLANG_WARN_OBJC_LITERAL_CONVERSION = YES;
				CLANG_WARN_OBJC_ROOT_CLASS = YES_ERROR;
				CLANG_WARN_QUOTED_INCLUDE_IN_FRAMEWORK_HEADER = YES;
				CLANG_WARN_RANGE_LOOP_ANALYSIS = YES;
				CLANG_WARN_STRICT_PROTOTYPES = YES;
				CLANG_WARN_SUSPICIOUS_MOVE = YES;
				CLANG_WARN_UNGUARDED_AVAILABILITY = YES_AGGRESSIVE;
				CLANG_WARN_UNREACHABLE_CODE = YES;
				CLANG_WARN__DUPLICATE_METHOD_MATCH = YES;
				COPY_PHASE_STRIP = NO;
				DEBUG_INFORMATION_FORMAT = "dwarf-with-dsym";
				ENABLE_NS_ASSERTIONS = NO;
				ENABLE_STRICT_OBJC_MSGSEND = YES;
				ENABLE_USER_SCRIPT_SANDBOXING = YES;
				GCC_C_LANGUAGE_STANDARD = gnu17;
				GCC_NO_COMMON_BLOCKS = YES;
				GCC_WARN_64_TO_32_BIT_CONVERSION = YES;
				GCC_WARN_ABOUT_RETURN_TYPE = YES_ERROR;
				GCC_WARN_UNDECLARED_SELECTOR = YES;
				GCC_WARN_UNINITIALIZED_AUTOS = YES_AGGRESSIVE;
				GCC_WARN_UNUSED_FUNCTION = YES;
				GCC_WARN_UNUSED_VARIABLE = YES;
				IPHONEOS_DEPLOYMENT_TARGET = 17.5;
				LOCALIZATION_PREFERS_STRING_CATALOGS = YES;
				MTL_ENABLE_DEBUG_INFO = NO;
				MTL_FAST_MATH = YES;
				SDKROOT = iphoneos;
				SWIFT_COMPILATION_MODE = wholemodule;
				VALIDATE_PRODUCT = YES;
			};
			name = Release;
		};
		829E2DD52C0E43C500AFCBB4 /* Debug */ = {
			isa = XCBuildConfiguration;
			buildSettings = {
				ASSETCATALOG_COMPILER_APPICON_NAME = AppIcon;
				ASSETCATALOG_COMPILER_GLOBAL_ACCENT_COLOR_NAME = AccentColor;
				CODE_SIGN_STYLE = Automatic;
				CURRENT_PROJECT_VERSION = 1;
				DEVELOPMENT_ASSET_PATHS = "\"Playing with UI/Preview Content\"";
				DEVELOPMENT_TEAM = QZ4W9NL54U;
				ENABLE_PREVIEWS = YES;
				GENERATE_INFOPLIST_FILE = YES;
				INFOPLIST_KEY_UIApplicationSceneManifest_Generation = YES;
				INFOPLIST_KEY_UIApplicationSupportsIndirectInputEvents = YES;
				INFOPLIST_KEY_UILaunchScreen_Generation = YES;
				INFOPLIST_KEY_UISupportedInterfaceOrientations_iPad = "UIInterfaceOrientationPortrait UIInterfaceOrientationPortraitUpsideDown UIInterfaceOrientationLandscapeLeft UIInterfaceOrientationLandscapeRight";
				INFOPLIST_KEY_UISupportedInterfaceOrientations_iPhone = "UIInterfaceOrientationPortrait UIInterfaceOrientationLandscapeLeft UIInterfaceOrientationLandscapeRight";
				IPHONEOS_DEPLOYMENT_TARGET = 17.0;
				LD_RUNPATH_SEARCH_PATHS = (
					"$(inherited)",
					"@executable_path/Frameworks",
				);
				MARKETING_VERSION = 1.0;
				PRODUCT_BUNDLE_IDENTIFIER = "com.Playing-with-UI";
				PRODUCT_NAME = "$(TARGET_NAME)";
				SWIFT_EMIT_LOC_STRINGS = YES;
				SWIFT_VERSION = 5.0;
				TARGETED_DEVICE_FAMILY = "1,2";
			};
			name = Debug;
		};
		829E2DD62C0E43C500AFCBB4 /* Release */ = {
			isa = XCBuildConfiguration;
			buildSettings = {
				ASSETCATALOG_COMPILER_APPICON_NAME = AppIcon;
				ASSETCATALOG_COMPILER_GLOBAL_ACCENT_COLOR_NAME = AccentColor;
				CODE_SIGN_STYLE = Automatic;
				CURRENT_PROJECT_VERSION = 1;
				DEVELOPMENT_ASSET_PATHS = "\"Playing with UI/Preview Content\"";
				DEVELOPMENT_TEAM = QZ4W9NL54U;
				ENABLE_PREVIEWS = YES;
				GENERATE_INFOPLIST_FILE = YES;
				INFOPLIST_KEY_UIApplicationSceneManifest_Generation = YES;
				INFOPLIST_KEY_UIApplicationSupportsIndirectInputEvents = YES;
				INFOPLIST_KEY_UILaunchScreen_Generation = YES;
				INFOPLIST_KEY_UISupportedInterfaceOrientations_iPad = "UIInterfaceOrientationPortrait UIInterfaceOrientationPortraitUpsideDown UIInterfaceOrientationLandscapeLeft UIInterfaceOrientationLandscapeRight";
				INFOPLIST_KEY_UISupportedInterfaceOrientations_iPhone = "UIInterfaceOrientationPortrait UIInterfaceOrientationLandscapeLeft UIInterfaceOrientationLandscapeRight";
				IPHONEOS_DEPLOYMENT_TARGET = 17.0;
				LD_RUNPATH_SEARCH_PATHS = (
					"$(inherited)",
					"@executable_path/Frameworks",
				);
				MARKETING_VERSION = 1.0;
				PRODUCT_BUNDLE_IDENTIFIER = "com.Playing-with-UI";
				PRODUCT_NAME = "$(TARGET_NAME)";
				SWIFT_EMIT_LOC_STRINGS = YES;
				SWIFT_VERSION = 5.0;
				TARGETED_DEVICE_FAMILY = "1,2";
			};
			name = Release;
		};
/* End XCBuildConfiguration section */

/* Begin XCConfigurationList section */
		829E2DC12C0E43C300AFCBB4 /* Build configuration list for PBXProject "Playing with UI" */ = {
			isa = XCConfigurationList;
			buildConfigurations = (
				829E2DD22C0E43C500AFCBB4 /* Debug */,
				829E2DD32C0E43C500AFCBB4 /* Release */,
			);
			defaultConfigurationIsVisible = 0;
			defaultConfigurationName = Release;
		};
		829E2DD42C0E43C500AFCBB4 /* Build configuration list for PBXNativeTarget "Playing with UI" */ = {
			isa = XCConfigurationList;
			buildConfigurations = (
				829E2DD52C0E43C500AFCBB4 /* Debug */,
				829E2DD62C0E43C500AFCBB4 /* Release */,
			);
			defaultConfigurationIsVisible = 0;
			defaultConfigurationName = Release;
		};
/* End XCConfigurationList section */
	};
	rootObject = 829E2DBE2C0E43C300AFCBB4 /* Project object */;
}
